// !$*UTF8*$!
{
	archiveVersion = 1;
	classes = {
	};
	objectVersion = 50;
	objects = {

/* Begin PBXBuildFile section */
		D997900D2333FF7D00113437 /* AppDelegate.swift in Sources */ = {isa = PBXBuildFile; fileRef = D997900C2333FF7D00113437 /* AppDelegate.swift */; };
		D997900F2333FF7D00113437 /* ViewController.swift in Sources */ = {isa = PBXBuildFile; fileRef = D997900E2333FF7D00113437 /* ViewController.swift */; };
		D99790122333FF7D00113437 /* Main.storyboard in Resources */ = {isa = PBXBuildFile; fileRef = D99790102333FF7D00113437 /* Main.storyboard */; };
		D99790142333FF8A00113437 /* Assets.xcassets in Resources */ = {isa = PBXBuildFile; fileRef = D99790132333FF8A00113437 /* Assets.xcassets */; };
		D99790172333FF8A00113437 /* LaunchScreen.storyboard in Resources */ = {isa = PBXBuildFile; fileRef = D99790152333FF8A00113437 /* LaunchScreen.storyboard */; };
		D9A49DA2233540540028C2C1 /* Student.swift in Sources */ = {isa = PBXBuildFile; fileRef = D9A49DA02335363D0028C2C1 /* Student.swift */; };
/* End PBXBuildFile section */

/* Begin PBXFileReference section */
		D99790092333FF7D00113437 /* CursoIOS.app */ = {isa = PBXFileReference; explicitFileType = wrapper.application; includeInIndex = 0; path = CursoIOS.app; sourceTree = BUILT_PRODUCTS_DIR; };
		D997900C2333FF7D00113437 /* AppDelegate.swift */ = {isa = PBXFileReference; lastKnownFileType = sourcecode.swift; path = AppDelegate.swift; sourceTree = "<group>"; };
		D997900E2333FF7D00113437 /* ViewController.swift */ = {isa = PBXFileReference; lastKnownFileType = sourcecode.swift; path = ViewController.swift; sourceTree = "<group>"; };
		D99790112333FF7D00113437 /* Base */ = {isa = PBXFileReference; lastKnownFileType = file.storyboard; name = Base; path = Base.lproj/Main.storyboard; sourceTree = "<group>"; };
		D99790132333FF8A00113437 /* Assets.xcassets */ = {isa = PBXFileReference; lastKnownFileType = folder.assetcatalog; path = Assets.xcassets; sourceTree = "<group>"; };
		D99790162333FF8A00113437 /* Base */ = {isa = PBXFileReference; lastKnownFileType = file.storyboard; name = Base; path = Base.lproj/LaunchScreen.storyboard; sourceTree = "<group>"; };
		D99790182333FF8A00113437 /* Info.plist */ = {isa = PBXFileReference; lastKnownFileType = text.plist.xml; path = Info.plist; sourceTree = "<group>"; };
		D9A49DA02335363D0028C2C1 /* Student.swift */ = {isa = PBXFileReference; lastKnownFileType = sourcecode.swift; path = Student.swift; sourceTree = "<group>"; };
/* End PBXFileReference section */

/* Begin PBXFrameworksBuildPhase section */
		D99790062333FF7D00113437 /* Frameworks */ = {
			isa = PBXFrameworksBuildPhase;
			buildActionMask = 2147483647;
			files = (
			);
			runOnlyForDeploymentPostprocessing = 0;
		};
/* End PBXFrameworksBuildPhase section */

/* Begin PBXGroup section */
		D99790002333FF7D00113437 = {
			isa = PBXGroup;
			children = (
				D997900B2333FF7D00113437 /* CursoIOS */,
				D997900A2333FF7D00113437 /* Products */,
			);
			sourceTree = "<group>";
		};
		D997900A2333FF7D00113437 /* Products */ = {
			isa = PBXGroup;
			children = (
				D99790092333FF7D00113437 /* CursoIOS.app */,
			);
			name = Products;
			sourceTree = "<group>";
		};
		D997900B2333FF7D00113437 /* CursoIOS */ = {
			isa = PBXGroup;
			children = (
				D9A49D9623352B330028C2C1 /* App */,
				D9A49D9823352BA60028C2C1 /* Resources */,
				D9A49D9723352B950028C2C1 /* Data */,
				D9A49D9A23352BEA0028C2C1 /* UI */,
				D9A49D9C23352C090028C2C1 /* Controllers */,
			);
			path = CursoIOS;
			sourceTree = "<group>";
		};
		D9A49D9623352B330028C2C1 /* App */ = {
			isa = PBXGroup;
			children = (
				D997900C2333FF7D00113437 /* AppDelegate.swift */,
				D99790182333FF8A00113437 /* Info.plist */,
			);
			path = App;
			sourceTree = "<group>";
		};
		D9A49D9723352B950028C2C1 /* Data */ = {
			isa = PBXGroup;
			children = (
				D9A49D9E233532B20028C2C1 /* Local */,
			);
			path = Data;
			sourceTree = "<group>";
		};
		D9A49D9823352BA60028C2C1 /* Resources */ = {
			isa = PBXGroup;
			children = (
				D99790132333FF8A00113437 /* Assets.xcassets */,
			);
			path = Resources;
			sourceTree = "<group>";
		};
		D9A49D9A23352BEA0028C2C1 /* UI */ = {
			isa = PBXGroup;
			children = (
				D9A49D9B23352BFA0028C2C1 /* Views */,
			);
			path = UI;
			sourceTree = "<group>";
		};
		D9A49D9B23352BFA0028C2C1 /* Views */ = {
			isa = PBXGroup;
			children = (
				D9A49D9D23352C6C0028C2C1 /* Storyboards */,
			);
			path = Views;
			sourceTree = "<group>";
		};
		D9A49D9C23352C090028C2C1 /* Controllers */ = {
			isa = PBXGroup;
			children = (
				D997900E2333FF7D00113437 /* ViewController.swift */,
			);
			path = Controllers;
			sourceTree = "<group>";
		};
		D9A49D9D23352C6C0028C2C1 /* Storyboards */ = {
			isa = PBXGroup;
			children = (
				D99790102333FF7D00113437 /* Main.storyboard */,
				D99790152333FF8A00113437 /* LaunchScreen.storyboard */,
			);
			path = Storyboards;
			sourceTree = "<group>";
		};
		D9A49D9E233532B20028C2C1 /* Local */ = {
			isa = PBXGroup;
			children = (
				D9A49D9F233532BD0028C2C1 /* Models */,
			);
			path = Local;
			sourceTree = "<group>";
		};
		D9A49D9F233532BD0028C2C1 /* Models */ = {
			isa = PBXGroup;
			children = (
				D9A49DA02335363D0028C2C1 /* Student.swift */,
			);
			path = Models;
			sourceTree = "<group>";
		};
/* End PBXGroup section */

/* Begin PBXNativeTarget section */
		D99790082333FF7D00113437 /* CursoIOS */ = {
			isa = PBXNativeTarget;
			buildConfigurationList = D997901B2333FF8A00113437 /* Build configuration list for PBXNativeTarget "CursoIOS" */;
			buildPhases = (
				D99790052333FF7D00113437 /* Sources */,
				D99790062333FF7D00113437 /* Frameworks */,
				D99790072333FF7D00113437 /* Resources */,
			);
			buildRules = (
			);
			dependencies = (
			);
			name = CursoIOS;
			productName = CursoIOS;
			productReference = D99790092333FF7D00113437 /* CursoIOS.app */;
			productType = "com.apple.product-type.application";
		};
/* End PBXNativeTarget section */

/* Begin PBXProject section */
		D99790012333FF7D00113437 /* Project object */ = {
			isa = PBXProject;
			attributes = {
				LastSwiftUpdateCheck = 1030;
				LastUpgradeCheck = 1030;
				ORGANIZATIONNAME = iZatasi;
				TargetAttributes = {
					D99790082333FF7D00113437 = {
						CreatedOnToolsVersion = 10.3;
					};
				};
			};
			buildConfigurationList = D99790042333FF7D00113437 /* Build configuration list for PBXProject "CursoIOS" */;
			compatibilityVersion = "Xcode 9.3";
			developmentRegion = en;
			hasScannedForEncodings = 0;
			knownRegions = (
				en,
				Base,
			);
			mainGroup = D99790002333FF7D00113437;
			productRefGroup = D997900A2333FF7D00113437 /* Products */;
			projectDirPath = "";
			projectRoot = "";
			targets = (
				D99790082333FF7D00113437 /* CursoIOS */,
			);
		};
/* End PBXProject section */

/* Begin PBXResourcesBuildPhase section */
		D99790072333FF7D00113437 /* Resources */ = {
			isa = PBXResourcesBuildPhase;
			buildActionMask = 2147483647;
			files = (
				D99790172333FF8A00113437 /* LaunchScreen.storyboard in Resources */,
				D99790142333FF8A00113437 /* Assets.xcassets in Resources */,
				D99790122333FF7D00113437 /* Main.storyboard in Resources */,
			);
			runOnlyForDeploymentPostprocessing = 0;
		};
/* End PBXResourcesBuildPhase section */

/* Begin PBXSourcesBuildPhase section */
		D99790052333FF7D00113437 /* Sources */ = {
			isa = PBXSourcesBuildPhase;
			buildActionMask = 2147483647;
			files = (
				D997900F2333FF7D00113437 /* ViewController.swift in Sources */,
				D9A49DA2233540540028C2C1 /* Student.swift in Sources */,
				D997900D2333FF7D00113437 /* AppDelegate.swift in Sources */,
			);
			runOnlyForDeploymentPostprocessing = 0;
		};
/* End PBXSourcesBuildPhase section */

/* Begin PBXVariantGroup section */
		D99790102333FF7D00113437 /* Main.storyboard */ = {
			isa = PBXVariantGroup;
			children = (
				D99790112333FF7D00113437 /* Base */,
			);
			name = Main.storyboard;
			sourceTree = "<group>";
		};
		D99790152333FF8A00113437 /* LaunchScreen.storyboard */ = {
			isa = PBXVariantGroup;
			children = (
				D99790162333FF8A00113437 /* Base */,
			);
			name = LaunchScreen.storyboard;
			sourceTree = "<group>";
		};
/* End PBXVariantGroup section */

/* Begin XCBuildConfiguration section */
		D99790192333FF8A00113437 /* Debug */ = {
			isa = XCBuildConfiguration;
			buildSettings = {
				ALWAYS_SEARCH_USER_PATHS = NO;
				CLANG_ANALYZER_NONNULL = YES;
				CLANG_ANALYZER_NUMBER_OBJECT_CONVERSION = YES_AGGRESSIVE;
				CLANG_CXX_LANGUAGE_STANDARD = "gnu++14";
				CLANG_CXX_LIBRARY = "libc++";
				CLANG_ENABLE_MODULES = YES;
				CLANG_ENABLE_OBJC_ARC = YES;
				CLANG_ENABLE_OBJC_WEAK = YES;
				CLANG_WARN_BLOCK_CAPTURE_AUTORELEASING = YES;
				CLANG_WARN_BOOL_CONVERSION = YES;
				CLANG_WARN_COMMA = YES;
				CLANG_WARN_CONSTANT_CONVERSION = YES;
				CLANG_WARN_DEPRECATED_OBJC_IMPLEMENTATIONS = YES;
				CLANG_WARN_DIRECT_OBJC_ISA_USAGE = YES_ERROR;
				CLANG_WARN_DOCUMENTATION_COMMENTS = YES;
				CLANG_WARN_EMPTY_BODY = YES;
				CLANG_WARN_ENUM_CONVERSION = YES;
				CLANG_WARN_INFINITE_RECURSION = YES;
				CLANG_WARN_INT_CONVERSION = YES;
				CLANG_WARN_NON_LITERAL_NULL_CONVERSION = YES;
				CLANG_WARN_OBJC_IMPLICIT_RETAIN_SELF = YES;
				CLANG_WARN_OBJC_LITERAL_CONVERSION = YES;
				CLANG_WARN_OBJC_ROOT_CLASS = YES_ERROR;
				CLANG_WARN_RANGE_LOOP_ANALYSIS = YES;
				CLANG_WARN_STRICT_PROTOTYPES = YES;
				CLANG_WARN_SUSPICIOUS_MOVE = YES;
				CLANG_WARN_UNGUARDED_AVAILABILITY = YES_AGGRESSIVE;
				CLANG_WARN_UNREACHABLE_CODE = YES;
				CLANG_WARN__DUPLICATE_METHOD_MATCH = YES;
				CODE_SIGN_IDENTITY = "iPhone Developer";
				COPY_PHASE_STRIP = NO;
				DEBUG_INFORMATION_FORMAT = dwarf;
				ENABLE_STRICT_OBJC_MSGSEND = YES;
				ENABLE_TESTABILITY = YES;
				GCC_C_LANGUAGE_STANDARD = gnu11;
				GCC_DYNAMIC_NO_PIC = NO;
				GCC_NO_COMMON_BLOCKS = YES;
				GCC_OPTIMIZATION_LEVEL = 0;
				GCC_PREPROCESSOR_DEFINITIONS = (
					"DEBUG=1",
					"$(inherited)",
				);
				GCC_WARN_64_TO_32_BIT_CONVERSION = YES;
				GCC_WARN_ABOUT_RETURN_TYPE = YES_ERROR;
				GCC_WARN_UNDECLARED_SELECTOR = YES;
				GCC_WARN_UNINITIALIZED_AUTOS = YES_AGGRESSIVE;
				GCC_WARN_UNUSED_FUNCTION = YES;
				GCC_WARN_UNUSED_VARIABLE = YES;
				IPHONEOS_DEPLOYMENT_TARGET = 12.4;
				MTL_ENABLE_DEBUG_INFO = INCLUDE_SOURCE;
				MTL_FAST_MATH = YES;
				ONLY_ACTIVE_ARCH = YES;
				SDKROOT = iphoneos;
				SWIFT_ACTIVE_COMPILATION_CONDITIONS = DEBUG;
				SWIFT_OPTIMIZATION_LEVEL = "-Onone";
			};
			name = Debug;
		};
		D997901A2333FF8A00113437 /* Release */ = {
			isa = XCBuildConfiguration;
			buildSettings = {
				ALWAYS_SEARCH_USER_PATHS = NO;
				CLANG_ANALYZER_NONNULL = YES;
				CLANG_ANALYZER_NUMBER_OBJECT_CONVERSION = YES_AGGRESSIVE;
				CLANG_CXX_LANGUAGE_STANDARD = "gnu++14";
				CLANG_CXX_LIBRARY = "libc++";
				CLANG_ENABLE_MODULES = YES;
				CLANG_ENABLE_OBJC_ARC = YES;
				CLANG_ENABLE_OBJC_WEAK = YES;
				CLANG_WARN_BLOCK_CAPTURE_AUTORELEASING = YES;
				CLANG_WARN_BOOL_CONVERSION = YES;
				CLANG_WARN_COMMA = YES;
				CLANG_WARN_CONSTANT_CONVERSION = YES;
				CLANG_WARN_DEPRECATED_OBJC_IMPLEMENTATIONS = YES;
				CLANG_WARN_DIRECT_OBJC_ISA_USAGE = YES_ERROR;
				CLANG_WARN_DOCUMENTATION_COMMENTS = YES;
				CLANG_WARN_EMPTY_BODY = YES;
				CLANG_WARN_ENUM_CONVERSION = YES;
				CLANG_WARN_INFINITE_RECURSION = YES;
				CLANG_WARN_INT_CONVERSION = YES;
				CLANG_WARN_NON_LITERAL_NULL_CONVERSION = YES;
				CLANG_WARN_OBJC_IMPLICIT_RETAIN_SELF = YES;
				CLANG_WARN_OBJC_LITERAL_CONVERSION = YES;
				CLANG_WARN_OBJC_ROOT_CLASS = YES_ERROR;
				CLANG_WARN_RANGE_LOOP_ANALYSIS = YES;
				CLANG_WARN_STRICT_PROTOTYPES = YES;
				CLANG_WARN_SUSPICIOUS_MOVE = YES;
				CLANG_WARN_UNGUARDED_AVAILABILITY = YES_AGGRESSIVE;
				CLANG_WARN_UNREACHABLE_CODE = YES;
				CLANG_WARN__DUPLICATE_METHOD_MATCH = YES;
				CODE_SIGN_IDENTITY = "iPhone Developer";
				COPY_PHASE_STRIP = NO;
				DEBUG_INFORMATION_FORMAT = "dwarf-with-dsym";
				ENABLE_NS_ASSERTIONS = NO;
				ENABLE_STRICT_OBJC_MSGSEND = YES;
				GCC_C_LANGUAGE_STANDARD = gnu11;
				GCC_NO_COMMON_BLOCKS = YES;
				GCC_WARN_64_TO_32_BIT_CONVERSION = YES;
				GCC_WARN_ABOUT_RETURN_TYPE = YES_ERROR;
				GCC_WARN_UNDECLARED_SELECTOR = YES;
				GCC_WARN_UNINITIALIZED_AUTOS = YES_AGGRESSIVE;
				GCC_WARN_UNUSED_FUNCTION = YES;
				GCC_WARN_UNUSED_VARIABLE = YES;
				IPHONEOS_DEPLOYMENT_TARGET = 12.4;
				MTL_ENABLE_DEBUG_INFO = NO;
				MTL_FAST_MATH = YES;
				SDKROOT = iphoneos;
				SWIFT_COMPILATION_MODE = wholemodule;
				SWIFT_OPTIMIZATION_LEVEL = "-O";
				VALIDATE_PRODUCT = YES;
			};
			name = Release;
		};
		D997901C2333FF8A00113437 /* Debug */ = {
			isa = XCBuildConfiguration;
			buildSettings = {
				ASSETCATALOG_COMPILER_APPICON_NAME = AppIcon;
				CODE_SIGN_STYLE = Automatic;
				INFOPLIST_FILE = "$(SRCROOT)/CursoIOS/App/Info.plist";
				LD_RUNPATH_SEARCH_PATHS = (
					"$(inherited)",
					"@executable_path/Frameworks",
				);
				PRODUCT_BUNDLE_IDENTIFIER = com.iZatasi.CursoIOS;
				PRODUCT_NAME = "$(TARGET_NAME)";
				SWIFT_VERSION = 5.0;
				TARGETED_DEVICE_FAMILY = "1,2";
			};
			name = Debug;
		};
		D997901D2333FF8A00113437 /* Release */ = {
			isa = XCBuildConfiguration;
			buildSettings = {
				ASSETCATALOG_COMPILER_APPICON_NAME = AppIcon;
				CODE_SIGN_STYLE = Automatic;
				INFOPLIST_FILE = "$(SRCROOT)/CursoIOS/App/Info.plist";
				LD_RUNPATH_SEARCH_PATHS = (
					"$(inherited)",
					"@executable_path/Frameworks",
				);
				PRODUCT_BUNDLE_IDENTIFIER = com.iZatasi.CursoIOS;
				PRODUCT_NAME = "$(TARGET_NAME)";
				SWIFT_VERSION = 5.0;
				TARGETED_DEVICE_FAMILY = "1,2";
			};
			name = Release;
		};
/* End XCBuildConfiguration section */

/* Begin XCConfigurationList section */
		D99790042333FF7D00113437 /* Build configuration list for PBXProject "CursoIOS" */ = {
			isa = XCConfigurationList;
			buildConfigurations = (
				D99790192333FF8A00113437 /* Debug */,
				D997901A2333FF8A00113437 /* Release */,
			);
			defaultConfigurationIsVisible = 0;
			defaultConfigurationName = Release;
		};
		D997901B2333FF8A00113437 /* Build configuration list for PBXNativeTarget "CursoIOS" */ = {
			isa = XCConfigurationList;
			buildConfigurations = (
				D997901C2333FF8A00113437 /* Debug */,
				D997901D2333FF8A00113437 /* Release */,
			);
			defaultConfigurationIsVisible = 0;
			defaultConfigurationName = Release;
		};
/* End XCConfigurationList section */
	};
	rootObject = D99790012333FF7D00113437 /* Project object */;
}
